
Microsoft Visual Studio Solution File, Format Version 12.00
# Visual Studio Version 17
VisualStudioVersion = 17.9.34622.214
MinimumVisualStudioVersion = 10.0.40219.1
Project("{FAE04EC0-301F-11D3-BF4B-00C04F79EFBC}") = "CircuitSolver", "CircuitSolver.csproj", "{34DBCCE6-2AB9-4113-82FD-47CDC54FBC60}"
EndProject
Global
	GlobalSection(SolutionConfigurationPlatforms) = preSolution
		Debug|Any CPU = Debug|Any CPU
		Release|Any CPU = Release|Any CPU
	EndGlobalSection
	GlobalSection(ProjectConfigurationPlatforms) = postSolution
		{34DBCCE6-2AB9-4113-82FD-47CDC54FBC60}.Debug|Any CPU.ActiveCfg = Debug|Any CPU
		{34DBCCE6-2AB9-4113-82FD-47CDC54FBC60}.Debug|Any CPU.Build.0 = Debug|Any CPU
		{34DBCCE6-2AB9-4113-82FD-47CDC54FBC60}.Debug|Any CPU.Deploy.0 = Debug|Any CPU
		{34DBCCE6-2AB9-4113-82FD-47CDC54FBC60}.Release|Any CPU.ActiveCfg = Release|Any CPU
		{34DBCCE6-2AB9-4113-82FD-47CDC54FBC60}.Release|Any CPU.Build.0 = Release|Any CPU
		{34DBCCE6-2AB9-4113-82FD-47CDC54FBC60}.Release|Any CPU.Deploy.0 = Release|Any CPU
	EndGlobalSection
	GlobalSection(SolutionProperties) = preSolution
		HideSolutionNode = FALSE
	EndGlobalSection
	GlobalSection(ExtensibilityGlobals) = postSolution
		SolutionGuid = {1ABE7AAF-ED8A-4592-B917-29C3BECD17ED}
	EndGlobalSection
EndGlobal
